
Microsoft Visual Studio Solution File, Format Version 12.00
# Visual Studio Version 17
VisualStudioVersion = 17.7.34202.233
MinimumVisualStudioVersion = 10.0.40219.1
Project("{FAE04EC0-301F-11D3-BF4B-00C04F79EFBC}") = "Algorytm Eratostenesa", "Algorytm Eratostenesa.csproj", "{737C26F0-9A5C-4500-9E3D-DA7F6E45EDB1}"
EndProject
Global
	GlobalSection(SolutionConfigurationPlatforms) = preSolution
		Debug|Any CPU = Debug|Any CPU
		Release|Any CPU = Release|Any CPU
	EndGlobalSection
	GlobalSection(ProjectConfigurationPlatforms) = postSolution
		{737C26F0-9A5C-4500-9E3D-DA7F6E45EDB1}.Debug|Any CPU.ActiveCfg = Debug|Any CPU
		{737C26F0-9A5C-4500-9E3D-DA7F6E45EDB1}.Debug|Any CPU.Build.0 = Debug|Any CPU
		{737C26F0-9A5C-4500-9E3D-DA7F6E45EDB1}.Release|Any CPU.ActiveCfg = Release|Any CPU
		{737C26F0-9A5C-4500-9E3D-DA7F6E45EDB1}.Release|Any CPU.Build.0 = Release|Any CPU
	EndGlobalSection
	GlobalSection(SolutionProperties) = preSolution
		HideSolutionNode = FALSE
	EndGlobalSection
	GlobalSection(ExtensibilityGlobals) = postSolution
		SolutionGuid = {A5E0BCFD-5B5A-4835-AE1D-E678D3A24246}
	EndGlobalSection
EndGlobal
